// !$*UTF8*$!
{
	archiveVersion = 1;
	classes = {
	};
	objectVersion = 55;
	objects = {

/* Begin PBXBuildFile section */
		87B0912E27A68AB80045E09C /* AppDelegate.swift in Sources */ = {isa = PBXBuildFile; fileRef = 87B0912D27A68AB80045E09C /* AppDelegate.swift */; };
		87B0913027A68AB80045E09C /* SceneDelegate.swift in Sources */ = {isa = PBXBuildFile; fileRef = 87B0912F27A68AB80045E09C /* SceneDelegate.swift */; };
		87B0913227A68AB80045E09C /* ViewController.swift in Sources */ = {isa = PBXBuildFile; fileRef = 87B0913127A68AB80045E09C /* ViewController.swift */; };
		87B0913527A68AB80045E09C /* Main.storyboard in Resources */ = {isa = PBXBuildFile; fileRef = 87B0913327A68AB80045E09C /* Main.storyboard */; };
		87B0913727A68AB80045E09C /* Assets.xcassets in Resources */ = {isa = PBXBuildFile; fileRef = 87B0913627A68AB80045E09C /* Assets.xcassets */; };
		87B0913A27A68AB80045E09C /* LaunchScreen.storyboard in Resources */ = {isa = PBXBuildFile; fileRef = 87B0913827A68AB80045E09C /* LaunchScreen.storyboard */; };
		87B0914527A68AB80045E09C /* calculateTests.swift in Sources */ = {isa = PBXBuildFile; fileRef = 87B0914427A68AB80045E09C /* calculateTests.swift */; };
		87B0914F27A68AB90045E09C /* calculateUITests.swift in Sources */ = {isa = PBXBuildFile; fileRef = 87B0914E27A68AB90045E09C /* calculateUITests.swift */; };
		87B0915127A68AB90045E09C /* calculateUITestsLaunchTests.swift in Sources */ = {isa = PBXBuildFile; fileRef = 87B0915027A68AB90045E09C /* calculateUITestsLaunchTests.swift */; };
/* End PBXBuildFile section */

/* Begin PBXContainerItemProxy section */
		87B0914127A68AB80045E09C /* PBXContainerItemProxy */ = {
			isa = PBXContainerItemProxy;
			containerPortal = 87B0912227A68AB80045E09C /* Project object */;
			proxyType = 1;
			remoteGlobalIDString = 87B0912927A68AB80045E09C;
			remoteInfo = calculate;
		};
		87B0914B27A68AB90045E09C /* PBXContainerItemProxy */ = {
			isa = PBXContainerItemProxy;
			containerPortal = 87B0912227A68AB80045E09C /* Project object */;
			proxyType = 1;
			remoteGlobalIDString = 87B0912927A68AB80045E09C;
			remoteInfo = calculate;
		};
/* End PBXContainerItemProxy section */

/* Begin PBXFileReference section */
		87B0912A27A68AB80045E09C /* calculate.app */ = {isa = PBXFileReference; explicitFileType = wrapper.application; includeInIndex = 0; path = calculate.app; sourceTree = BUILT_PRODUCTS_DIR; };
		87B0912D27A68AB80045E09C /* AppDelegate.swift */ = {isa = PBXFileReference; lastKnownFileType = sourcecode.swift; path = AppDelegate.swift; sourceTree = "<group>"; };
		87B0912F27A68AB80045E09C /* SceneDelegate.swift */ = {isa = PBXFileReference; lastKnownFileType = sourcecode.swift; path = SceneDelegate.swift; sourceTree = "<group>"; };
		87B0913127A68AB80045E09C /* ViewController.swift */ = {isa = PBXFileReference; lastKnownFileType = sourcecode.swift; path = ViewController.swift; sourceTree = "<group>"; };
		87B0913427A68AB80045E09C /* Base */ = {isa = PBXFileReference; lastKnownFileType = file.storyboard; name = Base; path = Base.lproj/Main.storyboard; sourceTree = "<group>"; };
		87B0913627A68AB80045E09C /* Assets.xcassets */ = {isa = PBXFileReference; lastKnownFileType = folder.assetcatalog; path = Assets.xcassets; sourceTree = "<group>"; };
		87B0913927A68AB80045E09C /* Base */ = {isa = PBXFileReference; lastKnownFileType = file.storyboard; name = Base; path = Base.lproj/LaunchScreen.storyboard; sourceTree = "<group>"; };
		87B0913B27A68AB80045E09C /* Info.plist */ = {isa = PBXFileReference; lastKnownFileType = text.plist.xml; path = Info.plist; sourceTree = "<group>"; };
		87B0914027A68AB80045E09C /* calculateTests.xctest */ = {isa = PBXFileReference; explicitFileType = wrapper.cfbundle; includeInIndex = 0; path = calculateTests.xctest; sourceTree = BUILT_PRODUCTS_DIR; };
		87B0914427A68AB80045E09C /* calculateTests.swift */ = {isa = PBXFileReference; lastKnownFileType = sourcecode.swift; path = calculateTests.swift; sourceTree = "<group>"; };
		87B0914A27A68AB90045E09C /* calculateUITests.xctest */ = {isa = PBXFileReference; explicitFileType = wrapper.cfbundle; includeInIndex = 0; path = calculateUITests.xctest; sourceTree = BUILT_PRODUCTS_DIR; };
		87B0914E27A68AB90045E09C /* calculateUITests.swift */ = {isa = PBXFileReference; lastKnownFileType = sourcecode.swift; path = calculateUITests.swift; sourceTree = "<group>"; };
		87B0915027A68AB90045E09C /* calculateUITestsLaunchTests.swift */ = {isa = PBXFileReference; lastKnownFileType = sourcecode.swift; path = calculateUITestsLaunchTests.swift; sourceTree = "<group>"; };
/* End PBXFileReference section */

/* Begin PBXFrameworksBuildPhase section */
		87B0912727A68AB80045E09C /* Frameworks */ = {
			isa = PBXFrameworksBuildPhase;
			buildActionMask = 2147483647;
			files = (
			);
			runOnlyForDeploymentPostprocessing = 0;
		};
		87B0913D27A68AB80045E09C /* Frameworks */ = {
			isa = PBXFrameworksBuildPhase;
			buildActionMask = 2147483647;
			files = (
			);
			runOnlyForDeploymentPostprocessing = 0;
		};
		87B0914727A68AB90045E09C /* Frameworks */ = {
			isa = PBXFrameworksBuildPhase;
			buildActionMask = 2147483647;
			files = (
			);
			runOnlyForDeploymentPostprocessing = 0;
		};
/* End PBXFrameworksBuildPhase section */

/* Begin PBXGroup section */
		87B0912127A68AB80045E09C = {
			isa = PBXGroup;
			children = (
				87B0912C27A68AB80045E09C /* calculate */,
				87B0914327A68AB80045E09C /* calculateTests */,
				87B0914D27A68AB90045E09C /* calculateUITests */,
				87B0912B27A68AB80045E09C /* Products */,
			);
			sourceTree = "<group>";
		};
		87B0912B27A68AB80045E09C /* Products */ = {
			isa = PBXGroup;
			children = (
				87B0912A27A68AB80045E09C /* calculate.app */,
				87B0914027A68AB80045E09C /* calculateTests.xctest */,
				87B0914A27A68AB90045E09C /* calculateUITests.xctest */,
			);
			name = Products;
			sourceTree = "<group>";
		};
		87B0912C27A68AB80045E09C /* calculate */ = {
			isa = PBXGroup;
			children = (
				87B0912D27A68AB80045E09C /* AppDelegate.swift */,
				87B0912F27A68AB80045E09C /* SceneDelegate.swift */,
				87B0913127A68AB80045E09C /* ViewController.swift */,
				87B0913327A68AB80045E09C /* Main.storyboard */,
				87B0913627A68AB80045E09C /* Assets.xcassets */,
				87B0913827A68AB80045E09C /* LaunchScreen.storyboard */,
				87B0913B27A68AB80045E09C /* Info.plist */,
			);
			path = calculate;
			sourceTree = "<group>";
		};
		87B0914327A68AB80045E09C /* calculateTests */ = {
			isa = PBXGroup;
			children = (
				87B0914427A68AB80045E09C /* calculateTests.swift */,
			);
			path = calculateTests;
			sourceTree = "<group>";
		};
		87B0914D27A68AB90045E09C /* calculateUITests */ = {
			isa = PBXGroup;
			children = (
				87B0914E27A68AB90045E09C /* calculateUITests.swift */,
				87B0915027A68AB90045E09C /* calculateUITestsLaunchTests.swift */,
			);
			path = calculateUITests;
			sourceTree = "<group>";
		};
/* End PBXGroup section */

/* Begin PBXNativeTarget section */
		87B0912927A68AB80045E09C /* calculate */ = {
			isa = PBXNativeTarget;
			buildConfigurationList = 87B0915427A68AB90045E09C /* Build configuration list for PBXNativeTarget "calculate" */;
			buildPhases = (
				87B0912627A68AB80045E09C /* Sources */,
				87B0912727A68AB80045E09C /* Frameworks */,
				87B0912827A68AB80045E09C /* Resources */,
			);
			buildRules = (
			);
			dependencies = (
			);
			name = calculate;
			productName = calculate;
			productReference = 87B0912A27A68AB80045E09C /* calculate.app */;
			productType = "com.apple.product-type.application";
		};
		87B0913F27A68AB80045E09C /* calculateTests */ = {
			isa = PBXNativeTarget;
			buildConfigurationList = 87B0915727A68AB90045E09C /* Build configuration list for PBXNativeTarget "calculateTests" */;
			buildPhases = (
				87B0913C27A68AB80045E09C /* Sources */,
				87B0913D27A68AB80045E09C /* Frameworks */,
				87B0913E27A68AB80045E09C /* Resources */,
			);
			buildRules = (
			);
			dependencies = (
				87B0914227A68AB80045E09C /* PBXTargetDependency */,
			);
			name = calculateTests;
			productName = calculateTests;
			productReference = 87B0914027A68AB80045E09C /* calculateTests.xctest */;
			productType = "com.apple.product-type.bundle.unit-test";
		};
		87B0914927A68AB90045E09C /* calculateUITests */ = {
			isa = PBXNativeTarget;
			buildConfigurationList = 87B0915A27A68AB90045E09C /* Build configuration list for PBXNativeTarget "calculateUITests" */;
			buildPhases = (
				87B0914627A68AB90045E09C /* Sources */,
				87B0914727A68AB90045E09C /* Frameworks */,
				87B0914827A68AB90045E09C /* Resources */,
			);
			buildRules = (
			);
			dependencies = (
				87B0914C27A68AB90045E09C /* PBXTargetDependency */,
			);
			name = calculateUITests;
			productName = calculateUITests;
			productReference = 87B0914A27A68AB90045E09C /* calculateUITests.xctest */;
			productType = "com.apple.product-type.bundle.ui-testing";
		};
/* End PBXNativeTarget section */

/* Begin PBXProject section */
		87B0912227A68AB80045E09C /* Project object */ = {
			isa = PBXProject;
			attributes = {
				BuildIndependentTargetsInParallel = 1;
				LastSwiftUpdateCheck = 1320;
				LastUpgradeCheck = 1320;
				TargetAttributes = {
					87B0912927A68AB80045E09C = {
						CreatedOnToolsVersion = 13.2.1;
					};
					87B0913F27A68AB80045E09C = {
						CreatedOnToolsVersion = 13.2.1;
						TestTargetID = 87B0912927A68AB80045E09C;
					};
					87B0914927A68AB90045E09C = {
						CreatedOnToolsVersion = 13.2.1;
						TestTargetID = 87B0912927A68AB80045E09C;
					};
				};
			};
			buildConfigurationList = 87B0912527A68AB80045E09C /* Build configuration list for PBXProject "calculate" */;
			compatibilityVersion = "Xcode 13.0";
			developmentRegion = en;
			hasScannedForEncodings = 0;
			knownRegions = (
				en,
				Base,
			);
			mainGroup = 87B0912127A68AB80045E09C;
			productRefGroup = 87B0912B27A68AB80045E09C /* Products */;
			projectDirPath = "";
			projectRoot = "";
			targets = (
				87B0912927A68AB80045E09C /* calculate */,
				87B0913F27A68AB80045E09C /* calculateTests */,
				87B0914927A68AB90045E09C /* calculateUITests */,
			);
		};
/* End PBXProject section */

/* Begin PBXResourcesBuildPhase section */
		87B0912827A68AB80045E09C /* Resources */ = {
			isa = PBXResourcesBuildPhase;
			buildActionMask = 2147483647;
			files = (
				87B0913A27A68AB80045E09C /* LaunchScreen.storyboard in Resources */,
				87B0913727A68AB80045E09C /* Assets.xcassets in Resources */,
				87B0913527A68AB80045E09C /* Main.storyboard in Resources */,
			);
			runOnlyForDeploymentPostprocessing = 0;
		};
		87B0913E27A68AB80045E09C /* Resources */ = {
			isa = PBXResourcesBuildPhase;
			buildActionMask = 2147483647;
			files = (
			);
			runOnlyForDeploymentPostprocessing = 0;
		};
		87B0914827A68AB90045E09C /* Resources */ = {
			isa = PBXResourcesBuildPhase;
			buildActionMask = 2147483647;
			files = (
			);
			runOnlyForDeploymentPostprocessing = 0;
		};
/* End PBXResourcesBuildPhase section */

/* Begin PBXSourcesBuildPhase section */
		87B0912627A68AB80045E09C /* Sources */ = {
			isa = PBXSourcesBuildPhase;
			buildActionMask = 2147483647;
			files = (
				87B0913227A68AB80045E09C /* ViewController.swift in Sources */,
				87B0912E27A68AB80045E09C /* AppDelegate.swift in Sources */,
				87B0913027A68AB80045E09C /* SceneDelegate.swift in Sources */,
			);
			runOnlyForDeploymentPostprocessing = 0;
		};
		87B0913C27A68AB80045E09C /* Sources */ = {
			isa = PBXSourcesBuildPhase;
			buildActionMask = 2147483647;
			files = (
				87B0914527A68AB80045E09C /* calculateTests.swift in Sources */,
			);
			runOnlyForDeploymentPostprocessing = 0;
		};
		87B0914627A68AB90045E09C /* Sources */ = {
			isa = PBXSourcesBuildPhase;
			buildActionMask = 2147483647;
			files = (
				87B0914F27A68AB90045E09C /* calculateUITests.swift in Sources */,
				87B0915127A68AB90045E09C /* calculateUITestsLaunchTests.swift in Sources */,
			);
			runOnlyForDeploymentPostprocessing = 0;
		};
/* End PBXSourcesBuildPhase section */

/* Begin PBXTargetDependency section */
		87B0914227A68AB80045E09C /* PBXTargetDependency */ = {
			isa = PBXTargetDependency;
			target = 87B0912927A68AB80045E09C /* calculate */;
			targetProxy = 87B0914127A68AB80045E09C /* PBXContainerItemProxy */;
		};
		87B0914C27A68AB90045E09C /* PBXTargetDependency */ = {
			isa = PBXTargetDependency;
			target = 87B0912927A68AB80045E09C /* calculate */;
			targetProxy = 87B0914B27A68AB90045E09C /* PBXContainerItemProxy */;
		};
/* End PBXTargetDependency section */

/* Begin PBXVariantGroup section */
		87B0913327A68AB80045E09C /* Main.storyboard */ = {
			isa = PBXVariantGroup;
			children = (
				87B0913427A68AB80045E09C /* Base */,
			);
			name = Main.storyboard;
			sourceTree = "<group>";
		};
		87B0913827A68AB80045E09C /* LaunchScreen.storyboard */ = {
			isa = PBXVariantGroup;
			children = (
				87B0913927A68AB80045E09C /* Base */,
			);
			name = LaunchScreen.storyboard;
			sourceTree = "<group>";
		};
/* End PBXVariantGroup section */

/* Begin XCBuildConfiguration section */
		87B0915227A68AB90045E09C /* Debug */ = {
			isa = XCBuildConfiguration;
			buildSettings = {
				ALWAYS_SEARCH_USER_PATHS = NO;
				CLANG_ANALYZER_NONNULL = YES;
				CLANG_ANALYZER_NUMBER_OBJECT_CONVERSION = YES_AGGRESSIVE;
				CLANG_CXX_LANGUAGE_STANDARD = "gnu++17";
				CLANG_CXX_LIBRARY = "libc++";
				CLANG_ENABLE_MODULES = YES;
				CLANG_ENABLE_OBJC_ARC = YES;
				CLANG_ENABLE_OBJC_WEAK = YES;
				CLANG_WARN_BLOCK_CAPTURE_AUTORELEASING = YES;
				CLANG_WARN_BOOL_CONVERSION = YES;
				CLANG_WARN_COMMA = YES;
				CLANG_WARN_CONSTANT_CONVERSION = YES;
				CLANG_WARN_DEPRECATED_OBJC_IMPLEMENTATIONS = YES;
				CLANG_WARN_DIRECT_OBJC_ISA_USAGE = YES_ERROR;
				CLANG_WARN_DOCUMENTATION_COMMENTS = YES;
				CLANG_WARN_EMPTY_BODY = YES;
				CLANG_WARN_ENUM_CONVERSION = YES;
				CLANG_WARN_INFINITE_RECURSION = YES;
				CLANG_WARN_INT_CONVERSION = YES;
				CLANG_WARN_NON_LITERAL_NULL_CONVERSION = YES;
				CLANG_WARN_OBJC_IMPLICIT_RETAIN_SELF = YES;
				CLANG_WARN_OBJC_LITERAL_CONVERSION = YES;
				CLANG_WARN_OBJC_ROOT_CLASS = YES_ERROR;
				CLANG_WARN_QUOTED_INCLUDE_IN_FRAMEWORK_HEADER = YES;
				CLANG_WARN_RANGE_LOOP_ANALYSIS = YES;
				CLANG_WARN_STRICT_PROTOTYPES = YES;
				CLANG_WARN_SUSPICIOUS_MOVE = YES;
				CLANG_WARN_UNGUARDED_AVAILABILITY = YES_AGGRESSIVE;
				CLANG_WARN_UNREACHABLE_CODE = YES;
				CLANG_WARN__DUPLICATE_METHOD_MATCH = YES;
				COPY_PHASE_STRIP = NO;
				DEBUG_INFORMATION_FORMAT = dwarf;
				ENABLE_STRICT_OBJC_MSGSEND = YES;
				ENABLE_TESTABILITY = YES;
				GCC_C_LANGUAGE_STANDARD = gnu11;
				GCC_DYNAMIC_NO_PIC = NO;
				GCC_NO_COMMON_BLOCKS = YES;
				GCC_OPTIMIZATION_LEVEL = 0;
				GCC_PREPROCESSOR_DEFINITIONS = (
					"DEBUG=1",
					"$(inherited)",
				);
				GCC_WARN_64_TO_32_BIT_CONVERSION = YES;
				GCC_WARN_ABOUT_RETURN_TYPE = YES_ERROR;
				GCC_WARN_UNDECLARED_SELECTOR = YES;
				GCC_WARN_UNINITIALIZED_AUTOS = YES_AGGRESSIVE;
				GCC_WARN_UNUSED_FUNCTION = YES;
				GCC_WARN_UNUSED_VARIABLE = YES;
				IPHONEOS_DEPLOYMENT_TARGET = 15.2;
				MTL_ENABLE_DEBUG_INFO = INCLUDE_SOURCE;
				MTL_FAST_MATH = YES;
				ONLY_ACTIVE_ARCH = YES;
				SDKROOT = iphoneos;
				SWIFT_ACTIVE_COMPILATION_CONDITIONS = DEBUG;
				SWIFT_OPTIMIZATION_LEVEL = "-Onone";
			};
			name = Debug;
		};
		87B0915327A68AB90045E09C /* Release */ = {
			isa = XCBuildConfiguration;
			buildSettings = {
				ALWAYS_SEARCH_USER_PATHS = NO;
				CLANG_ANALYZER_NONNULL = YES;
				CLANG_ANALYZER_NUMBER_OBJECT_CONVERSION = YES_AGGRESSIVE;
				CLANG_CXX_LANGUAGE_STANDARD = "gnu++17";
				CLANG_CXX_LIBRARY = "libc++";
				CLANG_ENABLE_MODULES = YES;
				CLANG_ENABLE_OBJC_ARC = YES;
				CLANG_ENABLE_OBJC_WEAK = YES;
				CLANG_WARN_BLOCK_CAPTURE_AUTORELEASING = YES;
				CLANG_WARN_BOOL_CONVERSION = YES;
				CLANG_WARN_COMMA = YES;
				CLANG_WARN_CONSTANT_CONVERSION = YES;
				CLANG_WARN_DEPRECATED_OBJC_IMPLEMENTATIONS = YES;
				CLANG_WARN_DIRECT_OBJC_ISA_USAGE = YES_ERROR;
				CLANG_WARN_DOCUMENTATION_COMMENTS = YES;
				CLANG_WARN_EMPTY_BODY = YES;
				CLANG_WARN_ENUM_CONVERSION = YES;
				CLANG_WARN_INFINITE_RECURSION = YES;
				CLANG_WARN_INT_CONVERSION = YES;
				CLANG_WARN_NON_LITERAL_NULL_CONVERSION = YES;
				CLANG_WARN_OBJC_IMPLICIT_RETAIN_SELF = YES;
				CLANG_WARN_OBJC_LITERAL_CONVERSION = YES;
				CLANG_WARN_OBJC_ROOT_CLASS = YES_ERROR;
				CLANG_WARN_QUOTED_INCLUDE_IN_FRAMEWORK_HEADER = YES;
				CLANG_WARN_RANGE_LOOP_ANALYSIS = YES;
				CLANG_WARN_STRICT_PROTOTYPES = YES;
				CLANG_WARN_SUSPICIOUS_MOVE = YES;
				CLANG_WARN_UNGUARDED_AVAILABILITY = YES_AGGRESSIVE;
				CLANG_WARN_UNREACHABLE_CODE = YES;
				CLANG_WARN__DUPLICATE_METHOD_MATCH = YES;
				COPY_PHASE_STRIP = NO;
				DEBUG_INFORMATION_FORMAT = "dwarf-with-dsym";
				ENABLE_NS_ASSERTIONS = NO;
				ENABLE_STRICT_OBJC_MSGSEND = YES;
				GCC_C_LANGUAGE_STANDARD = gnu11;
				GCC_NO_COMMON_BLOCKS = YES;
				GCC_WARN_64_TO_32_BIT_CONVERSION = YES;
				GCC_WARN_ABOUT_RETURN_TYPE = YES_ERROR;
				GCC_WARN_UNDECLARED_SELECTOR = YES;
				GCC_WARN_UNINITIALIZED_AUTOS = YES_AGGRESSIVE;
				GCC_WARN_UNUSED_FUNCTION = YES;
				GCC_WARN_UNUSED_VARIABLE = YES;
				IPHONEOS_DEPLOYMENT_TARGET = 15.2;
				MTL_ENABLE_DEBUG_INFO = NO;
				MTL_FAST_MATH = YES;
				SDKROOT = iphoneos;
				SWIFT_COMPILATION_MODE = wholemodule;
				SWIFT_OPTIMIZATION_LEVEL = "-O";
				VALIDATE_PRODUCT = YES;
			};
			name = Release;
		};
		87B0915527A68AB90045E09C /* Debug */ = {
			isa = XCBuildConfiguration;
			buildSettings = {
				ASSETCATALOG_COMPILER_APPICON_NAME = AppIcon;
				ASSETCATALOG_COMPILER_GLOBAL_ACCENT_COLOR_NAME = AccentColor;
				CODE_SIGN_STYLE = Automatic;
				CURRENT_PROJECT_VERSION = 1;
				DEVELOPMENT_TEAM = F76RBF7M5V;
				GENERATE_INFOPLIST_FILE = YES;
				INFOPLIST_FILE = calculate/Info.plist;
				INFOPLIST_KEY_UIApplicationSupportsIndirectInputEvents = YES;
				INFOPLIST_KEY_UILaunchStoryboardName = LaunchScreen;
				INFOPLIST_KEY_UIMainStoryboardFile = Main;
				INFOPLIST_KEY_UISupportedInterfaceOrientations_iPad = "UIInterfaceOrientationPortrait UIInterfaceOrientationPortraitUpsideDown UIInterfaceOrientationLandscapeLeft UIInterfaceOrientationLandscapeRight";
				INFOPLIST_KEY_UISupportedInterfaceOrientations_iPhone = "UIInterfaceOrientationPortrait UIInterfaceOrientationLandscapeLeft UIInterfaceOrientationLandscapeRight";
				LD_RUNPATH_SEARCH_PATHS = (
					"$(inherited)",
					"@executable_path/Frameworks",
				);
				MARKETING_VERSION = 1.0;
				PRODUCT_BUNDLE_IDENTIFIER = com.umutcorut.calculate;
				PRODUCT_NAME = "$(TARGET_NAME)";
				SWIFT_EMIT_LOC_STRINGS = YES;
				SWIFT_VERSION = 5.0;
				TARGETED_DEVICE_FAMILY = "1,2";
			};
			name = Debug;
		};
		87B0915627A68AB90045E09C /* Release */ = {
			isa = XCBuildConfiguration;
			buildSettings = {
				ASSETCATALOG_COMPILER_APPICON_NAME = AppIcon;
				ASSETCATALOG_COMPILER_GLOBAL_ACCENT_COLOR_NAME = AccentColor;
				CODE_SIGN_STYLE = Automatic;
				CURRENT_PROJECT_VERSION = 1;
				DEVELOPMENT_TEAM = F76RBF7M5V;
				GENERATE_INFOPLIST_FILE = YES;
				INFOPLIST_FILE = calculate/Info.plist;
				INFOPLIST_KEY_UIApplicationSupportsIndirectInputEvents = YES;
				INFOPLIST_KEY_UILaunchStoryboardName = LaunchScreen;
				INFOPLIST_KEY_UIMainStoryboardFile = Main;
				INFOPLIST_KEY_UISupportedInterfaceOrientations_iPad = "UIInterfaceOrientationPortrait UIInterfaceOrientationPortraitUpsideDown UIInterfaceOrientationLandscapeLeft UIInterfaceOrientationLandscapeRight";
				INFOPLIST_KEY_UISupportedInterfaceOrientations_iPhone = "UIInterfaceOrientationPortrait UIInterfaceOrientationLandscapeLeft UIInterfaceOrientationLandscapeRight";
				LD_RUNPATH_SEARCH_PATHS = (
					"$(inherited)",
					"@executable_path/Frameworks",
				);
				MARKETING_VERSION = 1.0;
				PRODUCT_BUNDLE_IDENTIFIER = com.umutcorut.calculate;
				PRODUCT_NAME = "$(TARGET_NAME)";
				SWIFT_EMIT_LOC_STRINGS = YES;
				SWIFT_VERSION = 5.0;
				TARGETED_DEVICE_FAMILY = "1,2";
			};
			name = Release;
		};
		87B0915827A68AB90045E09C /* Debug */ = {
			isa = XCBuildConfiguration;
			buildSettings = {
				ALWAYS_EMBED_SWIFT_STANDARD_LIBRARIES = YES;
				BUNDLE_LOADER = "$(TEST_HOST)";
				CODE_SIGN_STYLE = Automatic;
				CURRENT_PROJECT_VERSION = 1;
				DEVELOPMENT_TEAM = F76RBF7M5V;
				GENERATE_INFOPLIST_FILE = YES;
				IPHONEOS_DEPLOYMENT_TARGET = 15.2;
				MARKETING_VERSION = 1.0;
				PRODUCT_BUNDLE_IDENTIFIER = com.umutcorut.calculateTests;
				PRODUCT_NAME = "$(TARGET_NAME)";
				SWIFT_EMIT_LOC_STRINGS = NO;
				SWIFT_VERSION = 5.0;
				TARGETED_DEVICE_FAMILY = "1,2";
				TEST_HOST = "$(BUILT_PRODUCTS_DIR)/calculate.app/calculate";
			};
			name = Debug;
		};
		87B0915927A68AB90045E09C /* Release */ = {
			isa = XCBuildConfiguration;
			buildSettings = {
				ALWAYS_EMBED_SWIFT_STANDARD_LIBRARIES = YES;
				BUNDLE_LOADER = "$(TEST_HOST)";
				CODE_SIGN_STYLE = Automatic;
				CURRENT_PROJECT_VERSION = 1;
				DEVELOPMENT_TEAM = F76RBF7M5V;
				GENERATE_INFOPLIST_FILE = YES;
				IPHONEOS_DEPLOYMENT_TARGET = 15.2;
				MARKETING_VERSION = 1.0;
				PRODUCT_BUNDLE_IDENTIFIER = com.umutcorut.calculateTests;
				PRODUCT_NAME = "$(TARGET_NAME)";
				SWIFT_EMIT_LOC_STRINGS = NO;
				SWIFT_VERSION = 5.0;
				TARGETED_DEVICE_FAMILY = "1,2";
				TEST_HOST = "$(BUILT_PRODUCTS_DIR)/calculate.app/calculate";
			};
			name = Release;
		};
		87B0915B27A68AB90045E09C /* Debug */ = {
			isa = XCBuildConfiguration;
			buildSettings = {
				ALWAYS_EMBED_SWIFT_STANDARD_LIBRARIES = YES;
				CODE_SIGN_STYLE = Automatic;
				CURRENT_PROJECT_VERSION = 1;
				DEVELOPMENT_TEAM = F76RBF7M5V;
				GENERATE_INFOPLIST_FILE = YES;
				MARKETING_VERSION = 1.0;
				PRODUCT_BUNDLE_IDENTIFIER = com.umutcorut.calculateUITests;
				PRODUCT_NAME = "$(TARGET_NAME)";
				SWIFT_EMIT_LOC_STRINGS = NO;
				SWIFT_VERSION = 5.0;
				TARGETED_DEVICE_FAMILY = "1,2";
				TEST_TARGET_NAME = calculate;
			};
			name = Debug;
		};
		87B0915C27A68AB90045E09C /* Release */ = {
			isa = XCBuildConfiguration;
			buildSettings = {
				ALWAYS_EMBED_SWIFT_STANDARD_LIBRARIES = YES;
				CODE_SIGN_STYLE = Automatic;
				CURRENT_PROJECT_VERSION = 1;
				DEVELOPMENT_TEAM = F76RBF7M5V;
				GENERATE_INFOPLIST_FILE = YES;
				MARKETING_VERSION = 1.0;
				PRODUCT_BUNDLE_IDENTIFIER = com.umutcorut.calculateUITests;
				PRODUCT_NAME = "$(TARGET_NAME)";
				SWIFT_EMIT_LOC_STRINGS = NO;
				SWIFT_VERSION = 5.0;
				TARGETED_DEVICE_FAMILY = "1,2";
				TEST_TARGET_NAME = calculate;
			};
			name = Release;
		};
/* End XCBuildConfiguration section */

/* Begin XCConfigurationList section */
		87B0912527A68AB80045E09C /* Build configuration list for PBXProject "calculate" */ = {
			isa = XCConfigurationList;
			buildConfigurations = (
				87B0915227A68AB90045E09C /* Debug */,
				87B0915327A68AB90045E09C /* Release */,
			);
			defaultConfigurationIsVisible = 0;
			defaultConfigurationName = Release;
		};
		87B0915427A68AB90045E09C /* Build configuration list for PBXNativeTarget "calculate" */ = {
			isa = XCConfigurationList;
			buildConfigurations = (
				87B0915527A68AB90045E09C /* Debug */,
				87B0915627A68AB90045E09C /* Release */,
			);
			defaultConfigurationIsVisible = 0;
			defaultConfigurationName = Release;
		};
		87B0915727A68AB90045E09C /* Build configuration list for PBXNativeTarget "calculateTests" */ = {
			isa = XCConfigurationList;
			buildConfigurations = (
				87B0915827A68AB90045E09C /* Debug */,
				87B0915927A68AB90045E09C /* Release */,
			);
			defaultConfigurationIsVisible = 0;
			defaultConfigurationName = Release;
		};
		87B0915A27A68AB90045E09C /* Build configuration list for PBXNativeTarget "calculateUITests" */ = {
			isa = XCConfigurationList;
			buildConfigurations = (
				87B0915B27A68AB90045E09C /* Debug */,
				87B0915C27A68AB90045E09C /* Release */,
			);
			defaultConfigurationIsVisible = 0;
			defaultConfigurationName = Release;
		};
/* End XCConfigurationList section */
	};
	rootObject = 87B0912227A68AB80045E09C /* Project object */;
}
